
Microsoft Visual Studio Solution File, Format Version 12.00
# Visual Studio Version 17
VisualStudioVersion = 17.4.33103.184
MinimumVisualStudioVersion = 10.0.40219.1
Project("{9A19103F-16F7-4668-BE54-9A1E7A4F7556}") = "JosiArchitecture.Core", "src\JosiArchitecture.Core\JosiArchitecture.Core.csproj", "{41883AAC-ACBD-436F-862A-BF429504A862}"
EndProject
Project("{9A19103F-16F7-4668-BE54-9A1E7A4F7556}") = "JosiArchitecture.Data", "src\JosiArchitecture.Data\JosiArchitecture.Data.csproj", "{A9B10932-8033-41AD-9952-9C56C47AED87}"
EndProject
Project("{9A19103F-16F7-4668-BE54-9A1E7A4F7556}") = "JosiArchitecture.Api", "src\JosiArchitecture.Api\JosiArchitecture.Api.csproj", "{72B56B5A-950C-4BB7-9777-1F867CD93B22}"
EndProject
Project("{2150E333-8FDC-42A3-9474-1A3956D46DE8}") = "src", "src", "{1B17A3CC-8026-49FB-9ED9-820440EF0AE2}"
EndProject
Project("{2150E333-8FDC-42A3-9474-1A3956D46DE8}") = "test", "test", "{CA0A10F7-C9DE-4483-8842-6F50C628F7FE}"
EndProject
Project("{9A19103F-16F7-4668-BE54-9A1E7A4F7556}") = "JosiArchitecture.BlazorApp", "src\JosiArchitecture.BlazorApp\JosiArchitecture.BlazorApp.csproj", "{8EED2F5E-C25B-4CE0-A562-2347C5E5DA3A}"
EndProject
Project("{9A19103F-16F7-4668-BE54-9A1E7A4F7556}") = "JosiArchitecture.UnitTests", "test\JosiArchitecture.UnitTests\JosiArchitecture.UnitTests.csproj", "{6C945F2B-D7F2-4380-A056-A1C67A41A3EB}"
EndProject
Project("{9A19103F-16F7-4668-BE54-9A1E7A4F7556}") = "JosiArchitecture.IntegrationTests", "test\JosiArchitecture.IntegrationTests\JosiArchitecture.IntegrationTests.csproj", "{D81F3E80-A177-464A-83BA-96F3E6347285}"
EndProject
Project("{2150E333-8FDC-42A3-9474-1A3956D46DE8}") = "Solution Items", "Solution Items", "{97A7479A-E30A-4996-9D5B-EDD552A2EDA5}"
	ProjectSection(SolutionItems) = preProject
		docker-compose.yml = docker-compose.yml
		global.json = global.json
		README.md = README.md
	EndProjectSection
EndProject
Global
	GlobalSection(SolutionConfigurationPlatforms) = preSolution
		Debug|Any CPU = Debug|Any CPU
		Release|Any CPU = Release|Any CPU
	EndGlobalSection
	GlobalSection(ProjectConfigurationPlatforms) = postSolution
		{41883AAC-ACBD-436F-862A-BF429504A862}.Debug|Any CPU.ActiveCfg = Debug|Any CPU
		{41883AAC-ACBD-436F-862A-BF429504A862}.Debug|Any CPU.Build.0 = Debug|Any CPU
		{41883AAC-ACBD-436F-862A-BF429504A862}.Release|Any CPU.ActiveCfg = Release|Any CPU
		{41883AAC-ACBD-436F-862A-BF429504A862}.Release|Any CPU.Build.0 = Release|Any CPU
		{A9B10932-8033-41AD-9952-9C56C47AED87}.Debug|Any CPU.ActiveCfg = Debug|Any CPU
		{A9B10932-8033-41AD-9952-9C56C47AED87}.Debug|Any CPU.Build.0 = Debug|Any CPU
		{A9B10932-8033-41AD-9952-9C56C47AED87}.Release|Any CPU.ActiveCfg = Release|Any CPU
		{A9B10932-8033-41AD-9952-9C56C47AED87}.Release|Any CPU.Build.0 = Release|Any CPU
		{72B56B5A-950C-4BB7-9777-1F867CD93B22}.Debug|Any CPU.ActiveCfg = Debug|Any CPU
		{72B56B5A-950C-4BB7-9777-1F867CD93B22}.Debug|Any CPU.Build.0 = Debug|Any CPU
		{72B56B5A-950C-4BB7-9777-1F867CD93B22}.Release|Any CPU.ActiveCfg = Release|Any CPU
		{72B56B5A-950C-4BB7-9777-1F867CD93B22}.Release|Any CPU.Build.0 = Release|Any CPU
		{8EED2F5E-C25B-4CE0-A562-2347C5E5DA3A}.Debug|Any CPU.ActiveCfg = Debug|Any CPU
		{8EED2F5E-C25B-4CE0-A562-2347C5E5DA3A}.Debug|Any CPU.Build.0 = Debug|Any CPU
		{8EED2F5E-C25B-4CE0-A562-2347C5E5DA3A}.Release|Any CPU.ActiveCfg = Release|Any CPU
		{8EED2F5E-C25B-4CE0-A562-2347C5E5DA3A}.Release|Any CPU.Build.0 = Release|Any CPU
		{6C945F2B-D7F2-4380-A056-A1C67A41A3EB}.Debug|Any CPU.ActiveCfg = Debug|Any CPU
		{6C945F2B-D7F2-4380-A056-A1C67A41A3EB}.Debug|Any CPU.Build.0 = Debug|Any CPU
		{6C945F2B-D7F2-4380-A056-A1C67A41A3EB}.Release|Any CPU.ActiveCfg = Release|Any CPU
		{6C945F2B-D7F2-4380-A056-A1C67A41A3EB}.Release|Any CPU.Build.0 = Release|Any CPU
		{D81F3E80-A177-464A-83BA-96F3E6347285}.Debug|Any CPU.ActiveCfg = Debug|Any CPU
		{D81F3E80-A177-464A-83BA-96F3E6347285}.Debug|Any CPU.Build.0 = Debug|Any CPU
		{D81F3E80-A177-464A-83BA-96F3E6347285}.Release|Any CPU.ActiveCfg = Release|Any CPU
		{D81F3E80-A177-464A-83BA-96F3E6347285}.Release|Any CPU.Build.0 = Release|Any CPU
	EndGlobalSection
	GlobalSection(SolutionProperties) = preSolution
		HideSolutionNode = FALSE
	EndGlobalSection
	GlobalSection(NestedProjects) = preSolution
		{41883AAC-ACBD-436F-862A-BF429504A862} = {1B17A3CC-8026-49FB-9ED9-820440EF0AE2}
		{A9B10932-8033-41AD-9952-9C56C47AED87} = {1B17A3CC-8026-49FB-9ED9-820440EF0AE2}
		{72B56B5A-950C-4BB7-9777-1F867CD93B22} = {1B17A3CC-8026-49FB-9ED9-820440EF0AE2}
		{8EED2F5E-C25B-4CE0-A562-2347C5E5DA3A} = {1B17A3CC-8026-49FB-9ED9-820440EF0AE2}
		{6C945F2B-D7F2-4380-A056-A1C67A41A3EB} = {CA0A10F7-C9DE-4483-8842-6F50C628F7FE}
		{D81F3E80-A177-464A-83BA-96F3E6347285} = {CA0A10F7-C9DE-4483-8842-6F50C628F7FE}
	EndGlobalSection
	GlobalSection(ExtensibilityGlobals) = postSolution
		SolutionGuid = {BF38D60C-4624-4FE1-A8D5-B5F8986AC780}
	EndGlobalSection
EndGlobal
